
Microsoft Visual Studio Solution File, Format Version 12.00
Project("{FAE04EC0-301F-11D3-BF4B-00C04F79EFBC}") = "CSMAP2", "CSMAP2.csproj", "{FC2C72EC-4665-4496-8AA1-968C6F3EA965}"
EndProject
Global
	GlobalSection(SolutionConfigurationPlatforms) = preSolution
		Debug|Any CPU = Debug|Any CPU
		Release|Any CPU = Release|Any CPU
	EndGlobalSection
	GlobalSection(ProjectConfigurationPlatforms) = postSolution
		{FC2C72EC-4665-4496-8AA1-968C6F3EA965}.Debug|Any CPU.ActiveCfg = Debug|Any CPU
		{FC2C72EC-4665-4496-8AA1-968C6F3EA965}.Debug|Any CPU.Build.0 = Debug|Any CPU
		{FC2C72EC-4665-4496-8AA1-968C6F3EA965}.Release|Any CPU.ActiveCfg = Release|Any CPU
		{FC2C72EC-4665-4496-8AA1-968C6F3EA965}.Release|Any CPU.Build.0 = Release|Any CPU
	EndGlobalSection
EndGlobal
